// !$*UTF8*$!
{
	archiveVersion = 1;
	classes = {
	};
	objectVersion = 48;
	objects = {

/* Begin PBXBuildFile section */
		F01F8F2A206F633A00FD60ED /* handleFrequentPatterns.cpp in Sources */ = {isa = PBXBuildFile; fileRef = F01F8F28206F633A00FD60ED /* handleFrequentPatterns.cpp */; };
		F09D186E2068DD5400323DF0 /* main.cpp in Sources */ = {isa = PBXBuildFile; fileRef = F09D186D2068DD5400323DF0 /* main.cpp */; };
		F09D18762068DE4700323DF0 /* handleDataBase.cpp in Sources */ = {isa = PBXBuildFile; fileRef = F09D18742068DE4700323DF0 /* handleDataBase.cpp */; };
		F09D187A206935CE00323DF0 /* handleFPtree.cpp in Sources */ = {isa = PBXBuildFile; fileRef = F09D1878206935CE00323DF0 /* handleFPtree.cpp */; };
/* End PBXBuildFile section */

/* Begin PBXCopyFilesBuildPhase section */
		F09D18682068DD5400323DF0 /* CopyFiles */ = {
			isa = PBXCopyFilesBuildPhase;
			buildActionMask = 2147483647;
			dstPath = /usr/share/man/man1/;
			dstSubfolderSpec = 0;
			files = (
			);
			runOnlyForDeploymentPostprocessing = 1;
		};
/* End PBXCopyFilesBuildPhase section */

/* Begin PBXFileReference section */
		F01F8F28206F633A00FD60ED /* handleFrequentPatterns.cpp */ = {isa = PBXFileReference; lastKnownFileType = sourcecode.cpp.cpp; path = handleFrequentPatterns.cpp; sourceTree = "<group>"; };
		F01F8F29206F633A00FD60ED /* handleFrequentPatterns.hpp */ = {isa = PBXFileReference; lastKnownFileType = sourcecode.cpp.h; path = handleFrequentPatterns.hpp; sourceTree = "<group>"; };
		F09D186A2068DD5400323DF0 /* HW2_Frequent_Patterns_FPGrowth */ = {isa = PBXFileReference; explicitFileType = "compiled.mach-o.executable"; includeInIndex = 0; path = HW2_Frequent_Patterns_FPGrowth; sourceTree = BUILT_PRODUCTS_DIR; };
		F09D186D2068DD5400323DF0 /* main.cpp */ = {isa = PBXFileReference; lastKnownFileType = sourcecode.cpp.cpp; path = main.cpp; sourceTree = "<group>"; };
		F09D18742068DE4700323DF0 /* handleDataBase.cpp */ = {isa = PBXFileReference; lastKnownFileType = sourcecode.cpp.cpp; path = handleDataBase.cpp; sourceTree = "<group>"; };
		F09D18752068DE4700323DF0 /* handleDataBase.hpp */ = {isa = PBXFileReference; lastKnownFileType = sourcecode.cpp.h; path = handleDataBase.hpp; sourceTree = "<group>"; };
		F09D1878206935CE00323DF0 /* handleFPtree.cpp */ = {isa = PBXFileReference; lastKnownFileType = sourcecode.cpp.cpp; path = handleFPtree.cpp; sourceTree = "<group>"; };
		F09D1879206935CE00323DF0 /* handleFPtree.hpp */ = {isa = PBXFileReference; lastKnownFileType = sourcecode.cpp.h; path = handleFPtree.hpp; sourceTree = "<group>"; };
/* End PBXFileReference section */

/* Begin PBXFrameworksBuildPhase section */
		F09D18672068DD5400323DF0 /* Frameworks */ = {
			isa = PBXFrameworksBuildPhase;
			buildActionMask = 2147483647;
			files = (
			);
			runOnlyForDeploymentPostprocessing = 0;
		};
/* End PBXFrameworksBuildPhase section */

/* Begin PBXGroup section */
		F09D18612068DD5400323DF0 = {
			isa = PBXGroup;
			children = (
				F09D186C2068DD5400323DF0 /* HW2_Frequent_Patterns_FPGrowth */,
				F09D186B2068DD5400323DF0 /* Products */,
			);
			sourceTree = "<group>";
		};
		F09D186B2068DD5400323DF0 /* Products */ = {
			isa = PBXGroup;
			children = (
				F09D186A2068DD5400323DF0 /* HW2_Frequent_Patterns_FPGrowth */,
			);
			name = Products;
			sourceTree = "<group>";
		};
		F09D186C2068DD5400323DF0 /* HW2_Frequent_Patterns_FPGrowth */ = {
			isa = PBXGroup;
			children = (
				F09D186D2068DD5400323DF0 /* main.cpp */,
				F09D18742068DE4700323DF0 /* handleDataBase.cpp */,
				F09D1878206935CE00323DF0 /* handleFPtree.cpp */,
				F01F8F28206F633A00FD60ED /* handleFrequentPatterns.cpp */,
				F09D18772068DE5700323DF0 /* header */,
			);
			path = HW2_Frequent_Patterns_FPGrowth;
			sourceTree = "<group>";
		};
		F09D18772068DE5700323DF0 /* header */ = {
			isa = PBXGroup;
			children = (
				F09D18752068DE4700323DF0 /* handleDataBase.hpp */,
				F09D1879206935CE00323DF0 /* handleFPtree.hpp */,
				F01F8F29206F633A00FD60ED /* handleFrequentPatterns.hpp */,
			);
			path = header;
			sourceTree = "<group>";
		};
/* End PBXGroup section */

/* Begin PBXNativeTarget section */
		F09D18692068DD5400323DF0 /* HW2_Frequent_Patterns_FPGrowth */ = {
			isa = PBXNativeTarget;
			buildConfigurationList = F09D18712068DD5400323DF0 /* Build configuration list for PBXNativeTarget "HW2_Frequent_Patterns_FPGrowth" */;
			buildPhases = (
				F09D18662068DD5400323DF0 /* Sources */,
				F09D18672068DD5400323DF0 /* Frameworks */,
				F09D18682068DD5400323DF0 /* CopyFiles */,
			);
			buildRules = (
			);
			dependencies = (
			);
			name = HW2_Frequent_Patterns_FPGrowth;
			productName = HW2_Frequent_Patterns_FPGrowth;
			productReference = F09D186A2068DD5400323DF0 /* HW2_Frequent_Patterns_FPGrowth */;
			productType = "com.apple.product-type.tool";
		};
/* End PBXNativeTarget section */

/* Begin PBXProject section */
		F09D18622068DD5400323DF0 /* Project object */ = {
			isa = PBXProject;
			attributes = {
				LastUpgradeCheck = 0910;
				ORGANIZATIONNAME = LS;
				TargetAttributes = {
					F09D18692068DD5400323DF0 = {
						CreatedOnToolsVersion = 9.1;
						ProvisioningStyle = Automatic;
					};
				};
			};
			buildConfigurationList = F09D18652068DD5400323DF0 /* Build configuration list for PBXProject "HW2_Frequent_Patterns_FPGrowth" */;
			compatibilityVersion = "Xcode 8.0";
			developmentRegion = en;
			hasScannedForEncodings = 0;
			knownRegions = (
				en,
			);
			mainGroup = F09D18612068DD5400323DF0;
			productRefGroup = F09D186B2068DD5400323DF0 /* Products */;
			projectDirPath = "";
			projectRoot = "";
			targets = (
				F09D18692068DD5400323DF0 /* HW2_Frequent_Patterns_FPGrowth */,
			);
		};
/* End PBXProject section */

/* Begin PBXSourcesBuildPhase section */
		F09D18662068DD5400323DF0 /* Sources */ = {
			isa = PBXSourcesBuildPhase;
			buildActionMask = 2147483647;
			files = (
				F09D18762068DE4700323DF0 /* handleDataBase.cpp in Sources */,
				F09D187A206935CE00323DF0 /* handleFPtree.cpp in Sources */,
				F01F8F2A206F633A00FD60ED /* handleFrequentPatterns.cpp in Sources */,
				F09D186E2068DD5400323DF0 /* main.cpp in Sources */,
			);
			runOnlyForDeploymentPostprocessing = 0;
		};
/* End PBXSourcesBuildPhase section */

/* Begin XCBuildConfiguration section */
		F09D186F2068DD5400323DF0 /* Debug */ = {
			isa = XCBuildConfiguration;
			buildSettings = {
				ALWAYS_SEARCH_USER_PATHS = NO;
				CLANG_ANALYZER_NONNULL = YES;
				CLANG_ANALYZER_NUMBER_OBJECT_CONVERSION = YES_AGGRESSIVE;
				CLANG_CXX_LANGUAGE_STANDARD = "c++0x";
				CLANG_CXX_LIBRARY = "libc++";
				CLANG_ENABLE_MODULES = YES;
				CLANG_ENABLE_OBJC_ARC = YES;
				CLANG_WARN_BLOCK_CAPTURE_AUTORELEASING = YES;
				CLANG_WARN_BOOL_CONVERSION = YES;
				CLANG_WARN_COMMA = YES;
				CLANG_WARN_CONSTANT_CONVERSION = YES;
				CLANG_WARN_DIRECT_OBJC_ISA_USAGE = YES_ERROR;
				CLANG_WARN_DOCUMENTATION_COMMENTS = YES;
				CLANG_WARN_EMPTY_BODY = YES;
				CLANG_WARN_ENUM_CONVERSION = YES;
				CLANG_WARN_INFINITE_RECURSION = YES;
				CLANG_WARN_INT_CONVERSION = YES;
				CLANG_WARN_NON_LITERAL_NULL_CONVERSION = YES;
				CLANG_WARN_OBJC_LITERAL_CONVERSION = YES;
				CLANG_WARN_OBJC_ROOT_CLASS = YES_ERROR;
				CLANG_WARN_RANGE_LOOP_ANALYSIS = YES;
				CLANG_WARN_STRICT_PROTOTYPES = YES;
				CLANG_WARN_SUSPICIOUS_MOVE = YES;
				CLANG_WARN_UNGUARDED_AVAILABILITY = YES_AGGRESSIVE;
				CLANG_WARN_UNREACHABLE_CODE = YES;
				CLANG_WARN__DUPLICATE_METHOD_MATCH = YES;
				CODE_SIGN_IDENTITY = "-";
				COPY_PHASE_STRIP = NO;
				DEBUG_INFORMATION_FORMAT = dwarf;
				ENABLE_STRICT_OBJC_MSGSEND = YES;
				ENABLE_TESTABILITY = YES;
				GCC_C_LANGUAGE_STANDARD = gnu11;
				GCC_DYNAMIC_NO_PIC = NO;
				GCC_NO_COMMON_BLOCKS = YES;
				GCC_OPTIMIZATION_LEVEL = 0;
				GCC_PREPROCESSOR_DEFINITIONS = (
					"DEBUG=1",
					"$(inherited)",
				);
				GCC_WARN_64_TO_32_BIT_CONVERSION = YES;
				GCC_WARN_ABOUT_RETURN_TYPE = YES_ERROR;
				GCC_WARN_UNDECLARED_SELECTOR = YES;
				GCC_WARN_UNINITIALIZED_AUTOS = YES_AGGRESSIVE;
				GCC_WARN_UNUSED_FUNCTION = YES;
				GCC_WARN_UNUSED_VARIABLE = YES;
				MACOSX_DEPLOYMENT_TARGET = 10.13;
				MTL_ENABLE_DEBUG_INFO = YES;
				ONLY_ACTIVE_ARCH = YES;
				SDKROOT = macosx;
			};
			name = Debug;
		};
		F09D18702068DD5400323DF0 /* Release */ = {
			isa = XCBuildConfiguration;
			buildSettings = {
				ALWAYS_SEARCH_USER_PATHS = NO;
				CLANG_ANALYZER_NONNULL = YES;
				CLANG_ANALYZER_NUMBER_OBJECT_CONVERSION = YES_AGGRESSIVE;
				CLANG_CXX_LANGUAGE_STANDARD = "c++0x";
				CLANG_CXX_LIBRARY = "libc++";
				CLANG_ENABLE_MODULES = YES;
				CLANG_ENABLE_OBJC_ARC = YES;
				CLANG_WARN_BLOCK_CAPTURE_AUTORELEASING = YES;
				CLANG_WARN_BOOL_CONVERSION = YES;
				CLANG_WARN_COMMA = YES;
				CLANG_WARN_CONSTANT_CONVERSION = YES;
				CLANG_WARN_DIRECT_OBJC_ISA_USAGE = YES_ERROR;
				CLANG_WARN_DOCUMENTATION_COMMENTS = YES;
				CLANG_WARN_EMPTY_BODY = YES;
				CLANG_WARN_ENUM_CONVERSION = YES;
				CLANG_WARN_INFINITE_RECURSION = YES;
				CLANG_WARN_INT_CONVERSION = YES;
				CLANG_WARN_NON_LITERAL_NULL_CONVERSION = YES;
				CLANG_WARN_OBJC_LITERAL_CONVERSION = YES;
				CLANG_WARN_OBJC_ROOT_CLASS = YES_ERROR;
				CLANG_WARN_RANGE_LOOP_ANALYSIS = YES;
				CLANG_WARN_STRICT_PROTOTYPES = YES;
				CLANG_WARN_SUSPICIOUS_MOVE = YES;
				CLANG_WARN_UNGUARDED_AVAILABILITY = YES_AGGRESSIVE;
				CLANG_WARN_UNREACHABLE_CODE = YES;
				CLANG_WARN__DUPLICATE_METHOD_MATCH = YES;
				CODE_SIGN_IDENTITY = "-";
				COPY_PHASE_STRIP = NO;
				DEBUG_INFORMATION_FORMAT = "dwarf-with-dsym";
				ENABLE_NS_ASSERTIONS = NO;
				ENABLE_STRICT_OBJC_MSGSEND = YES;
				GCC_C_LANGUAGE_STANDARD = gnu11;
				GCC_NO_COMMON_BLOCKS = YES;
				GCC_WARN_64_TO_32_BIT_CONVERSION = YES;
				GCC_WARN_ABOUT_RETURN_TYPE = YES_ERROR;
				GCC_WARN_UNDECLARED_SELECTOR = YES;
				GCC_WARN_UNINITIALIZED_AUTOS = YES_AGGRESSIVE;
				GCC_WARN_UNUSED_FUNCTION = YES;
				GCC_WARN_UNUSED_VARIABLE = YES;
				MACOSX_DEPLOYMENT_TARGET = 10.13;
				MTL_ENABLE_DEBUG_INFO = NO;
				SDKROOT = macosx;
			};
			name = Release;
		};
		F09D18722068DD5400323DF0 /* Debug */ = {
			isa = XCBuildConfiguration;
			buildSettings = {
				CODE_SIGN_STYLE = Automatic;
				PRODUCT_NAME = "$(TARGET_NAME)";
			};
			name = Debug;
		};
		F09D18732068DD5400323DF0 /* Release */ = {
			isa = XCBuildConfiguration;
			buildSettings = {
				CODE_SIGN_STYLE = Automatic;
				PRODUCT_NAME = "$(TARGET_NAME)";
			};
			name = Release;
		};
/* End XCBuildConfiguration section */

/* Begin XCConfigurationList section */
		F09D18652068DD5400323DF0 /* Build configuration list for PBXProject "HW2_Frequent_Patterns_FPGrowth" */ = {
			isa = XCConfigurationList;
			buildConfigurations = (
				F09D186F2068DD5400323DF0 /* Debug */,
				F09D18702068DD5400323DF0 /* Release */,
			);
			defaultConfigurationIsVisible = 0;
			defaultConfigurationName = Release;
		};
		F09D18712068DD5400323DF0 /* Build configuration list for PBXNativeTarget "HW2_Frequent_Patterns_FPGrowth" */ = {
			isa = XCConfigurationList;
			buildConfigurations = (
				F09D18722068DD5400323DF0 /* Debug */,
				F09D18732068DD5400323DF0 /* Release */,
			);
			defaultConfigurationIsVisible = 0;
			defaultConfigurationName = Release;
		};
/* End XCConfigurationList section */
	};
	rootObject = F09D18622068DD5400323DF0 /* Project object */;
}
